{
  "name": "kill-by-port",
  "version": "0.0.1",
  "lockfileVersion": 1,
  "requires": true,
  "dependencies": {
    "connected-domain": {
      "version": "1.0.0",
      "resolved": "https://registry.npmjs.org/connected-domain/-/connected-domain-1.0.0.tgz",
      "integrity": "sha1-v+dyOMdL5FOnnwy2BY3utPI1jpM="
    },
    "netstats": {
      "version": "0.0.6",
      "resolved": "https://registry.npmjs.org/netstats/-/netstats-0.0.6.tgz",
      "integrity": "sha512-j5sdwaoLX/0x74+8bFdnoVEo3RUQexm5Lw615MVrgx7/FSQx88dZj+t5whwrDSrlsiHMYhKpn52p/6oMYHTZ2A=="
    },
    "port-pid": {
      "version": "0.0.7",
      "resolved": "https://registry.npmjs.org/port-pid/-/port-pid-0.0.7.tgz",
      "integrity": "sha512-2QkdCeuGLfu1jDxiiwOnafCgVFsMQXMEWvUVx9SMNq+4k6HDKiyA9YVRhmoMvJGg5ZhqEjblpj+1wdWMqn7scw==",
      "requires": {
        "netstats": "0.0.6",
        "selective-whitespace": "^1.0.0"
      }
    },
    "ps-node": {
      "version": "0.1.6",
      "resolved": "https://registry.npmjs.org/ps-node/-/ps-node-0.1.6.tgz",
      "integrity": "sha1-mvZ6mdex0BMuUaUDCZ04qNKs4sM=",
      "requires": {
        "table-parser": "^0.1.3"
      }
    },
    "selective-whitespace": {
      "version": "1.0.4",
      "resolved": "https://registry.npmjs.org/selective-whitespace/-/selective-whitespace-1.0.4.tgz",
      "integrity": "sha1-AtQotGssdwOYvppTjrRCsehC/Fw=",
      "requires": {
        "tokenize-whitespace": "0.0.1"
      }
    },
    "table-parser": {
      "version": "0.1.3",
      "resolved": "https://registry.npmjs.org/table-parser/-/table-parser-0.1.3.tgz",
      "integrity": "sha1-BEHPzhallIFoTCfRtaZ/8VpDx7A=",
      "requires": {
        "connected-domain": "^1.0.0"
      }
    },
    "tokenize-whitespace": {
      "version": "0.0.1",
      "resolved": "https://registry.npmjs.org/tokenize-whitespace/-/tokenize-whitespace-0.0.1.tgz",
      "integrity": "sha1-PCB6tYlIETIlJGKFIAVj47S1xv8="
    }
  }
}
